// !$*UTF8*$!
{
	archiveVersion = 1;
	classes = {
	};
	objectVersion = 46;
	objects = {

/* Begin PBXBuildFile section */
		E829809845AB85F8EC5EADCF /* MVPTests.swift in Sources */ = {isa = PBXBuildFile; fileRef = E829844A1D56D0825782D1B6 /* MVPTests.swift */; };
		E82981C9AD1641C9EE728104 /* MVPUITestsLaunchTests.swift in Sources */ = {isa = PBXBuildFile; fileRef = E82986904294F1E86A1E0025 /* MVPUITestsLaunchTests.swift */; };
		E82982AB52F8DA6F247A7E42 /* MVPApp.swift in Sources */ = {isa = PBXBuildFile; fileRef = E829815E0186DE2777D589D4 /* MVPApp.swift */; };
		E82983590BBC996A3B934E46 /* ContentView.swift in Sources */ = {isa = PBXBuildFile; fileRef = E8298A08F0D2500F23D4E2A1 /* ContentView.swift */; };
		E8298805E90CE916C86429D6 /* MVPUITests.swift in Sources */ = {isa = PBXBuildFile; fileRef = E8298611EC0BB31DBAD2805E /* MVPUITests.swift */; };
		E82989D50CFD26B2A94E36FD /* Assets.xcassets in Resources */ = {isa = PBXBuildFile; fileRef = E8298B56B75EE4BE3EB8CBB7 /* Assets.xcassets */; };
		E8298B77F743C55FB0934CF0 /* Preview Assets.xcassets in Resources */ = {isa = PBXBuildFile; fileRef = E829884F3FF9C434A872EFE4 /* Preview Assets.xcassets */; };
/* End PBXBuildFile section */

/* Begin PBXContainerItemProxy section */
		E82982302E80F6BD24051382 /* PBXContainerItemProxy */ = {
			isa = PBXContainerItemProxy;
			containerPortal = E8298D524C1C80C98AB30FA1 /* Project object */;
			proxyType = 1;
			remoteGlobalIDString = E8298D1B08A0C7FD89921A0D;
			remoteInfo = MVP;
		};
		E82988C7BD60918F0369A5BA /* PBXContainerItemProxy */ = {
			isa = PBXContainerItemProxy;
			containerPortal = E8298D524C1C80C98AB30FA1 /* Project object */;
			proxyType = 1;
			remoteGlobalIDString = E8298D1B08A0C7FD89921A0D;
			remoteInfo = MVP;
		};
/* End PBXContainerItemProxy section */

/* Begin PBXFileReference section */
		E829815E0186DE2777D589D4 /* MVPApp.swift */ = {isa = PBXFileReference; lastKnownFileType = sourcecode.swift; path = MVPApp.swift; sourceTree = "<group>"; };
		E829844A1D56D0825782D1B6 /* MVPTests.swift */ = {isa = PBXFileReference; lastKnownFileType = sourcecode.swift; path = MVPTests.swift; sourceTree = "<group>"; };
		E8298611EC0BB31DBAD2805E /* MVPUITests.swift */ = {isa = PBXFileReference; lastKnownFileType = sourcecode.swift; path = MVPUITests.swift; sourceTree = "<group>"; };
		E82986904294F1E86A1E0025 /* MVPUITestsLaunchTests.swift */ = {isa = PBXFileReference; lastKnownFileType = sourcecode.swift; path = MVPUITestsLaunchTests.swift; sourceTree = "<group>"; };
		E829884F3FF9C434A872EFE4 /* Preview Assets.xcassets */ = {isa = PBXFileReference; lastKnownFileType = folder.assetcatalog; path = "Preview Assets.xcassets"; sourceTree = "<group>"; };
		E82988E09C2A3C2F42701E88 /* MVP.entitlements */ = {isa = PBXFileReference; lastKnownFileType = text.plist.entitlements; path = MVP.entitlements; sourceTree = "<group>"; };
		E8298A08F0D2500F23D4E2A1 /* ContentView.swift */ = {isa = PBXFileReference; lastKnownFileType = sourcecode.swift; path = ContentView.swift; sourceTree = "<group>"; };
		E8298B56B75EE4BE3EB8CBB7 /* Assets.xcassets */ = {isa = PBXFileReference; lastKnownFileType = folder.assetcatalog; path = Assets.xcassets; sourceTree = "<group>"; };
/* End PBXFileReference section */

/* Begin PBXFrameworksBuildPhase section */
		E829825481F6B30E0841AD42 /* Frameworks */ = {
			isa = PBXFrameworksBuildPhase;
			buildActionMask = 2147483647;
			files = (
			);
			runOnlyForDeploymentPostprocessing = 0;
		};
		E829889793F8FA1152776D45 /* Frameworks */ = {
			isa = PBXFrameworksBuildPhase;
			buildActionMask = 2147483647;
			files = (
			);
			runOnlyForDeploymentPostprocessing = 0;
		};
		E8298E552FBA68A32BC2E23D /* Frameworks */ = {
			isa = PBXFrameworksBuildPhase;
			buildActionMask = 2147483647;
			files = (
			);
			runOnlyForDeploymentPostprocessing = 0;
		};
/* End PBXFrameworksBuildPhase section */

/* Begin PBXGroup section */
		E829861DD9410E0E50584E71 /* MVP */ = {
			isa = PBXGroup;
			children = (
				E8298B56B75EE4BE3EB8CBB7 /* Assets.xcassets */,
				E8298FF84FACD5637FAF446E /* Preview Content */,
				E829815E0186DE2777D589D4 /* MVPApp.swift */,
				E8298A08F0D2500F23D4E2A1 /* ContentView.swift */,
				E82988E09C2A3C2F42701E88 /* MVP.entitlements */,
			);
			path = MVP;
			sourceTree = "<group>";
		};
		E829870FA527CF21562C8CF4 = {
			isa = PBXGroup;
			children = (
				E8298C871BB121780063B55C /* Products */,
				E829861DD9410E0E50584E71 /* MVP */,
				E82988034DA34D4ED701468A /* MVPTests */,
				E8298D863DCCC3AD879EBB45 /* MVPUITests */,
			);
			sourceTree = "<group>";
		};
		E82988034DA34D4ED701468A /* MVPTests */ = {
			isa = PBXGroup;
			children = (
				E829844A1D56D0825782D1B6 /* MVPTests.swift */,
			);
			path = MVPTests;
			sourceTree = "<group>";
		};
		E8298C871BB121780063B55C /* Products */ = {
			isa = PBXGroup;
			children = (
			);
			name = Products;
			sourceTree = "<group>";
		};
		E8298D863DCCC3AD879EBB45 /* MVPUITests */ = {
			isa = PBXGroup;
			children = (
				E8298611EC0BB31DBAD2805E /* MVPUITests.swift */,
				E82986904294F1E86A1E0025 /* MVPUITestsLaunchTests.swift */,
			);
			path = MVPUITests;
			sourceTree = "<group>";
		};
		E8298FF84FACD5637FAF446E /* Preview Content */ = {
			isa = PBXGroup;
			children = (
				E829884F3FF9C434A872EFE4 /* Preview Assets.xcassets */,
			);
			path = "Preview Content";
			sourceTree = "<group>";
		};
/* End PBXGroup section */

/* Begin PBXNativeTarget section */
		E8298880C39789EFD77FCFE2 /* MVPTests */ = {
			isa = PBXNativeTarget;
			buildConfigurationList = E82988744A667E3831A12D3C /* Build configuration list for PBXNativeTarget "MVPTests" */;
			buildPhases = (
				E82989FF192AFD8357F4A16F /* Sources */,
				E8298E552FBA68A32BC2E23D /* Frameworks */,
				E829840BFE25598D818B2EB2 /* Resources */,
			);
			buildRules = (
			);
			dependencies = (
				E8298ABECAC0C929BB2B068A /* PBXTargetDependency */,
			);
			name = MVPTests;
			productName = MVPTests;
			productType = "com.apple.product-type.bundle.unit-test";
		};
		E8298A3963108097E3A38A92 /* MVPUITests */ = {
			isa = PBXNativeTarget;
			buildConfigurationList = E8298B010EE1CF8AD8FAC174 /* Build configuration list for PBXNativeTarget "MVPUITests" */;
			buildPhases = (
				E82984319A95080C4F0ECB44 /* Sources */,
				E829825481F6B30E0841AD42 /* Frameworks */,
				E8298971BAB3930235B6E385 /* Resources */,
			);
			buildRules = (
			);
			dependencies = (
				E829808AE6C0D1E77E559C50 /* PBXTargetDependency */,
			);
			name = MVPUITests;
			productName = MVPUITests;
			productType = "com.apple.product-type.bundle.ui-testing";
		};
		E8298D1B08A0C7FD89921A0D /* MVP */ = {
			isa = PBXNativeTarget;
			buildConfigurationList = E8298BFB6A15A48BFB9B6E59 /* Build configuration list for PBXNativeTarget "MVP" */;
			buildPhases = (
				E82989694720C51587DD1753 /* Sources */,
				E829889793F8FA1152776D45 /* Frameworks */,
				E829824F102DE00EC4754E82 /* Resources */,
			);
			buildRules = (
			);
			dependencies = (
			);
			name = MVP;
			productName = MVP;
			productType = "com.apple.product-type.application";
		};
/* End PBXNativeTarget section */

/* Begin PBXProject section */
		E8298D524C1C80C98AB30FA1 /* Project object */ = {
			isa = PBXProject;
			buildConfigurationList = E82986236FA2BF1532EFD439 /* Build configuration list for PBXProject "MVP" */;
			compatibilityVersion = "Xcode 3.2";
			developmentRegion = English;
			hasScannedForEncodings = 0;
			knownRegions = (
				en,
			);
			mainGroup = E829870FA527CF21562C8CF4;
			productRefGroup = E8298C871BB121780063B55C /* Products */;
			projectDirPath = "";
			projectRoot = "";
			targets = (
				E8298D1B08A0C7FD89921A0D /* MVP */,
				E8298880C39789EFD77FCFE2 /* MVPTests */,
				E8298A3963108097E3A38A92 /* MVPUITests */,
			);
		};
/* End PBXProject section */

/* Begin PBXResourcesBuildPhase section */
		E829824F102DE00EC4754E82 /* Resources */ = {
			isa = PBXResourcesBuildPhase;
			buildActionMask = 2147483647;
			files = (
				E82989D50CFD26B2A94E36FD /* Assets.xcassets in Resources */,
				E8298B77F743C55FB0934CF0 /* Preview Assets.xcassets in Resources */,
			);
			runOnlyForDeploymentPostprocessing = 0;
		};
		E829840BFE25598D818B2EB2 /* Resources */ = {
			isa = PBXResourcesBuildPhase;
			buildActionMask = 2147483647;
			files = (
			);
			runOnlyForDeploymentPostprocessing = 0;
		};
		E8298971BAB3930235B6E385 /* Resources */ = {
			isa = PBXResourcesBuildPhase;
			buildActionMask = 2147483647;
			files = (
			);
			runOnlyForDeploymentPostprocessing = 0;
		};
/* End PBXResourcesBuildPhase section */

/* Begin PBXSourcesBuildPhase section */
		E82984319A95080C4F0ECB44 /* Sources */ = {
			isa = PBXSourcesBuildPhase;
			buildActionMask = 2147483647;
			files = (
				E8298805E90CE916C86429D6 /* MVPUITests.swift in Sources */,
				E82981C9AD1641C9EE728104 /* MVPUITestsLaunchTests.swift in Sources */,
			);
			runOnlyForDeploymentPostprocessing = 0;
		};
		E82989694720C51587DD1753 /* Sources */ = {
			isa = PBXSourcesBuildPhase;
			buildActionMask = 2147483647;
			files = (
				E82982AB52F8DA6F247A7E42 /* MVPApp.swift in Sources */,
				E82983590BBC996A3B934E46 /* ContentView.swift in Sources */,
			);
			runOnlyForDeploymentPostprocessing = 0;
		};
		E82989FF192AFD8357F4A16F /* Sources */ = {
			isa = PBXSourcesBuildPhase;
			buildActionMask = 2147483647;
			files = (
				E829809845AB85F8EC5EADCF /* MVPTests.swift in Sources */,
			);
			runOnlyForDeploymentPostprocessing = 0;
		};
/* End PBXSourcesBuildPhase section */

/* Begin PBXTargetDependency section */
		E829808AE6C0D1E77E559C50 /* PBXTargetDependency */ = {
			isa = PBXTargetDependency;
			target = E8298D1B08A0C7FD89921A0D /* MVP */;
			targetProxy = E82988C7BD60918F0369A5BA /* PBXContainerItemProxy */;
		};
		E8298ABECAC0C929BB2B068A /* PBXTargetDependency */ = {
			isa = PBXTargetDependency;
			target = E8298D1B08A0C7FD89921A0D /* MVP */;
			targetProxy = E82982302E80F6BD24051382 /* PBXContainerItemProxy */;
		};
/* End PBXTargetDependency section */

/* Begin XCBuildConfiguration section */
		E829843ACF473519A178A678 /* Release */ = {
			isa = XCBuildConfiguration;
			buildSettings = {
				CURRENT_PROJECT_VERSION = 1;
				GENERATE_INFOPLIST_FILE = YES;
				IPHONEOS_DEPLOYMENT_TARGET = latest_iphoneos;
				MACOSX_DEPLOYMENT_TARGET = 13.3;
				MARKETING_VERSION = 1.0;
				PRODUCT_BUNDLE_IDENTIFIER = com.wanliming.business.MVPTests;
				PRODUCT_NAME = "$(TARGET_NAME)";
				SDKROOT = auto;
				SUPPORTED_PLATFORMS = "iphoneos iphonesimulator macosx";
				SWIFT_EMIT_LOC_STRINGS = NO;
				SWIFT_VERSION = 5.0;
				TARGETED_DEVICE_FAMILY = "1,2";
			};
			name = Release;
		};
		E8298567E52AB64033B3D1A5 /* Release */ = {
			isa = XCBuildConfiguration;
			buildSettings = {
				ALWAYS_SEARCH_USER_PATHS = NO;
				CLANG_ANALYZER_NONNULL = YES;
				CLANG_ANALYZER_NUMBER_OBJECT_CONVERSION = YES_AGGRESSIVE;
				CLANG_CXX_LANGUAGE_STANDARD = "gnu++20";
				CLANG_ENABLE_MODULES = YES;
				CLANG_ENABLE_OBJC_ARC = YES;
				CLANG_ENABLE_OBJC_WEAK = YES;
				CLANG_WARN_BLOCK_CAPTURE_AUTORELEASING = YES;
				CLANG_WARN_BOOL_CONVERSION = YES;
				CLANG_WARN_COMMA = YES;
				CLANG_WARN_CONSTANT_CONVERSION = YES;
				CLANG_WARN_DEPRECATED_OBJC_IMPLEMENTATIONS = YES;
				CLANG_WARN_DIRECT_OBJC_ISA_USAGE = YES_ERROR;
				CLANG_WARN_DOCUMENTATION_COMMENTS = YES;
				CLANG_WARN_EMPTY_BODY = YES;
				CLANG_WARN_ENUM_CONVERSION = YES;
				CLANG_WARN_INFINITE_RECURSION = YES;
				CLANG_WARN_INT_CONVERSION = YES;
				CLANG_WARN_NON_LITERAL_NULL_CONVERSION = YES;
				CLANG_WARN_OBJC_IMPLICIT_RETAIN_SELF = YES;
				CLANG_WARN_OBJC_LITERAL_CONVERSION = YES;
				CLANG_WARN_OBJC_ROOT_CLASS = YES_ERROR;
				CLANG_WARN_QUOTED_INCLUDE_IN_FRAMEWORK_HEADER = YES;
				CLANG_WARN_RANGE_LOOP_ANALYSIS = YES;
				CLANG_WARN_STRICT_PROTOTYPES = YES;
				CLANG_WARN_SUSPICIOUS_MOVE = YES;
				CLANG_WARN_UNGUARDED_AVAILABILITY = YES_AGGRESSIVE;
				CLANG_WARN_UNREACHABLE_CODE = YES;
				CLANG_WARN__DUPLICATE_METHOD_MATCH = YES;
				COPY_PHASE_STRIP = NO;
				DEBUG_INFORMATION_FORMAT = "dwarf-with-dsym";
				ENABLE_NS_ASSERTIONS = NO;
				ENABLE_STRICT_OBJC_MSGSEND = YES;
				GCC_C_LANGUAGE_STANDARD = gnu11;
				GCC_NO_COMMON_BLOCKS = YES;
				GCC_WARN_64_TO_32_BIT_CONVERSION = YES;
				GCC_WARN_ABOUT_RETURN_TYPE = YES_ERROR;
				GCC_WARN_UNDECLARED_SELECTOR = YES;
				GCC_WARN_UNINITIALIZED_AUTOS = YES_AGGRESSIVE;
				GCC_WARN_UNUSED_FUNCTION = YES;
				GCC_WARN_UNUSED_VARIABLE = YES;
				MTL_ENABLE_DEBUG_INFO = NO;
				MTL_FAST_MATH = YES;
				SWIFT_COMPILATION_MODE = wholemodule;
				SWIFT_OPTIMIZATION_LEVEL = "-O";
			};
			name = Release;
		};
		E829869FBD4B8A3A4A562F50 /* Release */ = {
			isa = XCBuildConfiguration;
			buildSettings = {
				ASSETCATALOG_COMPILER_APPICON_NAME = AppIcon;
				ASSETCATALOG_COMPILER_GLOBAL_ACCENT_COLOR_NAME = AccentColor;
				CODE_SIGN_ENTITLEMENTS = MVP/MVP.entitlements;
				CURRENT_PROJECT_VERSION = 1;
				DEVELOPMENT_ASSET_PATHS = "\"MVP/Preview Content\"";
				ENABLE_PREVIEWS = YES;
				GENERATE_INFOPLIST_FILE = YES;
				"INFOPLIST_KEY_UIApplicationSceneManifest_Generation[sdk=iphoneos*]" = YES;
				"INFOPLIST_KEY_UIApplicationSceneManifest_Generation[sdk=iphonesimulator*]" = YES;
				"INFOPLIST_KEY_UIApplicationSupportsIndirectInputEvents[sdk=iphoneos*]" = YES;
				"INFOPLIST_KEY_UIApplicationSupportsIndirectInputEvents[sdk=iphonesimulator*]" = YES;
				"INFOPLIST_KEY_UILaunchScreen_Generation[sdk=iphoneos*]" = YES;
				"INFOPLIST_KEY_UILaunchScreen_Generation[sdk=iphonesimulator*]" = YES;
				"INFOPLIST_KEY_UIStatusBarStyle[sdk=iphoneos*]" = UIStatusBarStyleDefault;
				"INFOPLIST_KEY_UIStatusBarStyle[sdk=iphonesimulator*]" = UIStatusBarStyleDefault;
				INFOPLIST_KEY_UISupportedInterfaceOrientations_iPad = "UIInterfaceOrientationPortrait UIInterfaceOrientationPortraitUpsideDown UIInterfaceOrientationLandscapeLeft UIInterfaceOrientationLandscapeRight";
				INFOPLIST_KEY_UISupportedInterfaceOrientations_iPhone = "UIInterfaceOrientationPortrait UIInterfaceOrientationLandscapeLeft UIInterfaceOrientationLandscapeRight";
				IPHONEOS_DEPLOYMENT_TARGET = latest_iphoneos;
				LD_RUNPATH_SEARCH_PATHS = "@executable_path/Frameworks";
				"LD_RUNPATH_SEARCH_PATHS[sdk=macosx*]" = "@executable_path/../Frameworks";
				MACOSX_DEPLOYMENT_TARGET = 13.3;
				MARKETING_VERSION = 1.0;
				PRODUCT_BUNDLE_IDENTIFIER = com.wanliming.business.MVP;
				PRODUCT_NAME = "$(TARGET_NAME)";
				SDKROOT = auto;
				SUPPORTED_PLATFORMS = "iphoneos iphonesimulator macosx";
				SWIFT_EMIT_LOC_STRINGS = YES;
				SWIFT_VERSION = 5.0;
				TARGETED_DEVICE_FAMILY = "1,2";
			};
			name = Release;
		};
		E82986C9196E8A31C5285D1F /* Debug */ = {
			isa = XCBuildConfiguration;
			buildSettings = {
				ASSETCATALOG_COMPILER_APPICON_NAME = AppIcon;
				ASSETCATALOG_COMPILER_GLOBAL_ACCENT_COLOR_NAME = AccentColor;
				CODE_SIGN_ENTITLEMENTS = MVP/MVP.entitlements;
				CURRENT_PROJECT_VERSION = 1;
				DEVELOPMENT_ASSET_PATHS = "\"MVP/Preview Content\"";
				ENABLE_PREVIEWS = YES;
				GENERATE_INFOPLIST_FILE = YES;
				"INFOPLIST_KEY_UIApplicationSceneManifest_Generation[sdk=iphoneos*]" = YES;
				"INFOPLIST_KEY_UIApplicationSceneManifest_Generation[sdk=iphonesimulator*]" = YES;
				"INFOPLIST_KEY_UIApplicationSupportsIndirectInputEvents[sdk=iphoneos*]" = YES;
				"INFOPLIST_KEY_UIApplicationSupportsIndirectInputEvents[sdk=iphonesimulator*]" = YES;
				"INFOPLIST_KEY_UILaunchScreen_Generation[sdk=iphoneos*]" = YES;
				"INFOPLIST_KEY_UILaunchScreen_Generation[sdk=iphonesimulator*]" = YES;
				"INFOPLIST_KEY_UIStatusBarStyle[sdk=iphoneos*]" = UIStatusBarStyleDefault;
				"INFOPLIST_KEY_UIStatusBarStyle[sdk=iphonesimulator*]" = UIStatusBarStyleDefault;
				INFOPLIST_KEY_UISupportedInterfaceOrientations_iPad = "UIInterfaceOrientationPortrait UIInterfaceOrientationPortraitUpsideDown UIInterfaceOrientationLandscapeLeft UIInterfaceOrientationLandscapeRight";
				INFOPLIST_KEY_UISupportedInterfaceOrientations_iPhone = "UIInterfaceOrientationPortrait UIInterfaceOrientationLandscapeLeft UIInterfaceOrientationLandscapeRight";
				IPHONEOS_DEPLOYMENT_TARGET = latest_iphoneos;
				LD_RUNPATH_SEARCH_PATHS = "@executable_path/Frameworks";
				"LD_RUNPATH_SEARCH_PATHS[sdk=macosx*]" = "@executable_path/../Frameworks";
				MACOSX_DEPLOYMENT_TARGET = 13.3;
				MARKETING_VERSION = 1.0;
				PRODUCT_BUNDLE_IDENTIFIER = com.wanliming.business.MVP;
				PRODUCT_NAME = "$(TARGET_NAME)";
				SDKROOT = auto;
				SUPPORTED_PLATFORMS = "iphoneos iphonesimulator macosx";
				SWIFT_EMIT_LOC_STRINGS = YES;
				SWIFT_VERSION = 5.0;
				TARGETED_DEVICE_FAMILY = "1,2";
			};
			name = Debug;
		};
		E82988E13B3BE8112963679C /* Debug */ = {
			isa = XCBuildConfiguration;
			buildSettings = {
				CURRENT_PROJECT_VERSION = 1;
				GENERATE_INFOPLIST_FILE = YES;
				IPHONEOS_DEPLOYMENT_TARGET = latest_iphoneos;
				MACOSX_DEPLOYMENT_TARGET = 13.3;
				MARKETING_VERSION = 1.0;
				PRODUCT_BUNDLE_IDENTIFIER = com.wanliming.business.MVPTests;
				PRODUCT_NAME = "$(TARGET_NAME)";
				SDKROOT = auto;
				SUPPORTED_PLATFORMS = "iphoneos iphonesimulator macosx";
				SWIFT_EMIT_LOC_STRINGS = NO;
				SWIFT_VERSION = 5.0;
				TARGETED_DEVICE_FAMILY = "1,2";
			};
			name = Debug;
		};
		E829897856DAB43F0ED3ABAD /* Release */ = {
			isa = XCBuildConfiguration;
			buildSettings = {
				CURRENT_PROJECT_VERSION = 1;
				GENERATE_INFOPLIST_FILE = YES;
				IPHONEOS_DEPLOYMENT_TARGET = latest_iphoneos;
				MACOSX_DEPLOYMENT_TARGET = 13.3;
				MARKETING_VERSION = 1.0;
				PRODUCT_BUNDLE_IDENTIFIER = com.wanliming.business.MVPUITests;
				PRODUCT_NAME = "$(TARGET_NAME)";
				SDKROOT = auto;
				SUPPORTED_PLATFORMS = "iphoneos iphonesimulator macosx";
				SWIFT_EMIT_LOC_STRINGS = NO;
				SWIFT_VERSION = 5.0;
				TARGETED_DEVICE_FAMILY = "1,2";
				TEST_TARGET_NAME = MVP;
			};
			name = Release;
		};
		E8298D57CD88E01F04D51D9D /* Debug */ = {
			isa = XCBuildConfiguration;
			buildSettings = {
				ALWAYS_SEARCH_USER_PATHS = NO;
				CLANG_ANALYZER_NONNULL = YES;
				CLANG_ANALYZER_NUMBER_OBJECT_CONVERSION = YES_AGGRESSIVE;
				CLANG_CXX_LANGUAGE_STANDARD = "gnu++20";
				CLANG_ENABLE_MODULES = YES;
				CLANG_ENABLE_OBJC_ARC = YES;
				CLANG_ENABLE_OBJC_WEAK = YES;
				CLANG_WARN_BLOCK_CAPTURE_AUTORELEASING = YES;
				CLANG_WARN_BOOL_CONVERSION = YES;
				CLANG_WARN_COMMA = YES;
				CLANG_WARN_CONSTANT_CONVERSION = YES;
				CLANG_WARN_DEPRECATED_OBJC_IMPLEMENTATIONS = YES;
				CLANG_WARN_DIRECT_OBJC_ISA_USAGE = YES_ERROR;
				CLANG_WARN_DOCUMENTATION_COMMENTS = YES;
				CLANG_WARN_EMPTY_BODY = YES;
				CLANG_WARN_ENUM_CONVERSION = YES;
				CLANG_WARN_INFINITE_RECURSION = YES;
				CLANG_WARN_INT_CONVERSION = YES;
				CLANG_WARN_NON_LITERAL_NULL_CONVERSION = YES;
				CLANG_WARN_OBJC_IMPLICIT_RETAIN_SELF = YES;
				CLANG_WARN_OBJC_LITERAL_CONVERSION = YES;
				CLANG_WARN_OBJC_ROOT_CLASS = YES_ERROR;
				CLANG_WARN_QUOTED_INCLUDE_IN_FRAMEWORK_HEADER = YES;
				CLANG_WARN_RANGE_LOOP_ANALYSIS = YES;
				CLANG_WARN_STRICT_PROTOTYPES = YES;
				CLANG_WARN_SUSPICIOUS_MOVE = YES;
				CLANG_WARN_UNGUARDED_AVAILABILITY = YES_AGGRESSIVE;
				CLANG_WARN_UNREACHABLE_CODE = YES;
				CLANG_WARN__DUPLICATE_METHOD_MATCH = YES;
				COPY_PHASE_STRIP = NO;
				DEBUG_INFORMATION_FORMAT = dwarf;
				ENABLE_STRICT_OBJC_MSGSEND = YES;
				ENABLE_TESTABILITY = YES;
				GCC_C_LANGUAGE_STANDARD = gnu11;
				GCC_DYNAMIC_NO_PIC = NO;
				GCC_NO_COMMON_BLOCKS = YES;
				GCC_OPTIMIZATION_LEVEL = 0;
				GCC_PREPROCESSOR_DEFINITIONS = (
					"DEBUG=1",
					"$(inherited)",
				);
				GCC_WARN_64_TO_32_BIT_CONVERSION = YES;
				GCC_WARN_ABOUT_RETURN_TYPE = YES_ERROR;
				GCC_WARN_UNDECLARED_SELECTOR = YES;
				GCC_WARN_UNINITIALIZED_AUTOS = YES_AGGRESSIVE;
				GCC_WARN_UNUSED_FUNCTION = YES;
				GCC_WARN_UNUSED_VARIABLE = YES;
				MTL_ENABLE_DEBUG_INFO = INCLUDE_SOURCE;
				MTL_FAST_MATH = YES;
				ONLY_ACTIVE_ARCH = YES;
				SWIFT_ACTIVE_COMPILATION_CONDITIONS = DEBUG;
				SWIFT_OPTIMIZATION_LEVEL = "-Onone";
			};
			name = Debug;
		};
		E8298F883DB2842206D0EBF6 /* Debug */ = {
			isa = XCBuildConfiguration;
			buildSettings = {
				CURRENT_PROJECT_VERSION = 1;
				GENERATE_INFOPLIST_FILE = YES;
				IPHONEOS_DEPLOYMENT_TARGET = latest_iphoneos;
				MACOSX_DEPLOYMENT_TARGET = 13.3;
				MARKETING_VERSION = 1.0;
				PRODUCT_BUNDLE_IDENTIFIER = com.wanliming.business.MVPUITests;
				PRODUCT_NAME = "$(TARGET_NAME)";
				SDKROOT = auto;
				SUPPORTED_PLATFORMS = "iphoneos iphonesimulator macosx";
				SWIFT_EMIT_LOC_STRINGS = NO;
				SWIFT_VERSION = 5.0;
				TARGETED_DEVICE_FAMILY = "1,2";
				TEST_TARGET_NAME = MVP;
			};
			name = Debug;
		};
/* End XCBuildConfiguration section */

/* Begin XCConfigurationList section */
		E82986236FA2BF1532EFD439 /* Build configuration list for PBXProject "MVP" */ = {
			isa = XCConfigurationList;
			buildConfigurations = (
				E8298D57CD88E01F04D51D9D /* Debug */,
				E8298567E52AB64033B3D1A5 /* Release */,
			);
			defaultConfigurationIsVisible = 0;
			defaultConfigurationName = Release;
		};
		E82988744A667E3831A12D3C /* Build configuration list for PBXNativeTarget "MVPTests" */ = {
			isa = XCConfigurationList;
			buildConfigurations = (
				E82988E13B3BE8112963679C /* Debug */,
				E829843ACF473519A178A678 /* Release */,
			);
			defaultConfigurationIsVisible = 0;
		};
		E8298B010EE1CF8AD8FAC174 /* Build configuration list for PBXNativeTarget "MVPUITests" */ = {
			isa = XCConfigurationList;
			buildConfigurations = (
				E8298F883DB2842206D0EBF6 /* Debug */,
				E829897856DAB43F0ED3ABAD /* Release */,
			);
			defaultConfigurationIsVisible = 0;
		};
		E8298BFB6A15A48BFB9B6E59 /* Build configuration list for PBXNativeTarget "MVP" */ = {
			isa = XCConfigurationList;
			buildConfigurations = (
				E82986C9196E8A31C5285D1F /* Debug */,
				E829869FBD4B8A3A4A562F50 /* Release */,
			);
			defaultConfigurationIsVisible = 0;
		};
/* End XCConfigurationList section */
	};
	rootObject = E8298D524C1C80C98AB30FA1 /* Project object */;
}
